
Microsoft Visual Studio Solution File, Format Version 12.00
# Visual Studio 15
VisualStudioVersion = 15.0.28010.2048
MinimumVisualStudioVersion = 10.0.40219.1
Project("{FAE04EC0-301F-11D3-BF4B-00C04F79EFBC}") = "MultipleResourcesInThread", "MultipleResourcesInThread\MultipleResourcesInThread.csproj", "{02407CB2-6482-43BA-8B8B-DBF3982FAE89}"
EndProject
Global
	GlobalSection(SolutionConfigurationPlatforms) = preSolution
		Debug|Any CPU = Debug|Any CPU
		Release|Any CPU = Release|Any CPU
	EndGlobalSection
	GlobalSection(ProjectConfigurationPlatforms) = postSolution
		{02407CB2-6482-43BA-8B8B-DBF3982FAE89}.Debug|Any CPU.ActiveCfg = Debug|Any CPU
		{02407CB2-6482-43BA-8B8B-DBF3982FAE89}.Debug|Any CPU.Build.0 = Debug|Any CPU
		{02407CB2-6482-43BA-8B8B-DBF3982FAE89}.Release|Any CPU.ActiveCfg = Release|Any CPU
		{02407CB2-6482-43BA-8B8B-DBF3982FAE89}.Release|Any CPU.Build.0 = Release|Any CPU
	EndGlobalSection
	GlobalSection(SolutionProperties) = preSolution
		HideSolutionNode = FALSE
	EndGlobalSection
	GlobalSection(ExtensibilityGlobals) = postSolution
		SolutionGuid = {08ADF450-F42D-4070-95AE-45CC15753F77}
	EndGlobalSection
EndGlobal
